// !$*UTF8*$!
{
	archiveVersion = 1;
	classes = {
	};
	objectVersion = 48;
	objects = {

/* Begin PBXBuildFile section */
		79121EA979D355320DEC7E4C /* Pods_CLEmptyViewDemo.framework in Frameworks */ = {isa = PBXBuildFile; fileRef = C3B20B0E93F20DF03EC8B187 /* Pods_CLEmptyViewDemo.framework */; };
		A33274B22011CE7000B0DFF4 /* UITableView+CLEmpty.swift in Sources */ = {isa = PBXBuildFile; fileRef = A33274B12011CE6800B0DFF4 /* UITableView+CLEmpty.swift */; };
		A33274B42011ECC800B0DFF4 /* UICollectionView+CLEmpty.swift in Sources */ = {isa = PBXBuildFile; fileRef = A33274B32011ECC800B0DFF4 /* UICollectionView+CLEmpty.swift */; };
		A33274BB2011F70E00B0DFF4 /* detailViewController.swift in Sources */ = {isa = PBXBuildFile; fileRef = A33274BA2011F70E00B0DFF4 /* detailViewController.swift */; };
		A38F1F58200365A8006B9248 /* AppDelegate.swift in Sources */ = {isa = PBXBuildFile; fileRef = A38F1F57200365A8006B9248 /* AppDelegate.swift */; };
		A38F1F5A200365A8006B9248 /* ViewController.swift in Sources */ = {isa = PBXBuildFile; fileRef = A38F1F59200365A8006B9248 /* ViewController.swift */; };
		A38F1F5F200365A8006B9248 /* Assets.xcassets in Resources */ = {isa = PBXBuildFile; fileRef = A38F1F5E200365A8006B9248 /* Assets.xcassets */; };
		A38F1F6A200365CD006B9248 /* CLEmptyBaseView.swift in Sources */ = {isa = PBXBuildFile; fileRef = A38F1F69200365CD006B9248 /* CLEmptyBaseView.swift */; };
		DF3E66222014508F00E16C32 /* UITableView+CLBase.swift in Sources */ = {isa = PBXBuildFile; fileRef = DF3E66212014508F00E16C32 /* UITableView+CLBase.swift */; };
		DF3E66242014519C00E16C32 /* UITableView+MJRefResh.swift in Sources */ = {isa = PBXBuildFile; fileRef = DF3E66232014519C00E16C32 /* UITableView+MJRefResh.swift */; };
		DF3E6628201453A600E16C32 /* UICollectionView+CLBase.swift in Sources */ = {isa = PBXBuildFile; fileRef = DF3E6627201453A600E16C32 /* UICollectionView+CLBase.swift */; };
		DF3E662A2014540300E16C32 /* UICollectionView+MJRefresh.swift in Sources */ = {isa = PBXBuildFile; fileRef = DF3E66292014540300E16C32 /* UICollectionView+MJRefresh.swift */; };
/* End PBXBuildFile section */

/* Begin PBXFileReference section */
		A33274B12011CE6800B0DFF4 /* UITableView+CLEmpty.swift */ = {isa = PBXFileReference; fileEncoding = 4; lastKnownFileType = sourcecode.swift; path = "UITableView+CLEmpty.swift"; sourceTree = "<group>"; };
		A33274B32011ECC800B0DFF4 /* UICollectionView+CLEmpty.swift */ = {isa = PBXFileReference; lastKnownFileType = sourcecode.swift; path = "UICollectionView+CLEmpty.swift"; sourceTree = "<group>"; };
		A33274BA2011F70E00B0DFF4 /* detailViewController.swift */ = {isa = PBXFileReference; lastKnownFileType = sourcecode.swift; path = detailViewController.swift; sourceTree = "<group>"; };
		A38F1F54200365A8006B9248 /* CLEmptyViewDemo.app */ = {isa = PBXFileReference; explicitFileType = wrapper.application; includeInIndex = 0; path = CLEmptyViewDemo.app; sourceTree = BUILT_PRODUCTS_DIR; };
		A38F1F57200365A8006B9248 /* AppDelegate.swift */ = {isa = PBXFileReference; lastKnownFileType = sourcecode.swift; path = AppDelegate.swift; sourceTree = "<group>"; };
		A38F1F59200365A8006B9248 /* ViewController.swift */ = {isa = PBXFileReference; lastKnownFileType = sourcecode.swift; path = ViewController.swift; sourceTree = "<group>"; };
		A38F1F5E200365A8006B9248 /* Assets.xcassets */ = {isa = PBXFileReference; lastKnownFileType = folder.assetcatalog; path = Assets.xcassets; sourceTree = "<group>"; };
		A38F1F63200365A8006B9248 /* Info.plist */ = {isa = PBXFileReference; lastKnownFileType = text.plist.xml; path = Info.plist; sourceTree = "<group>"; };
		A38F1F69200365CD006B9248 /* CLEmptyBaseView.swift */ = {isa = PBXFileReference; lastKnownFileType = sourcecode.swift; path = CLEmptyBaseView.swift; sourceTree = "<group>"; };
		C3B20B0E93F20DF03EC8B187 /* Pods_CLEmptyViewDemo.framework */ = {isa = PBXFileReference; explicitFileType = wrapper.framework; includeInIndex = 0; path = Pods_CLEmptyViewDemo.framework; sourceTree = BUILT_PRODUCTS_DIR; };
		DE0F3933C06B809C3D4F5EA1 /* Pods-CLEmptyViewDemo.release.xcconfig */ = {isa = PBXFileReference; includeInIndex = 1; lastKnownFileType = text.xcconfig; name = "Pods-CLEmptyViewDemo.release.xcconfig"; path = "Pods/Target Support Files/Pods-CLEmptyViewDemo/Pods-CLEmptyViewDemo.release.xcconfig"; sourceTree = "<group>"; };
		DF3E66212014508F00E16C32 /* UITableView+CLBase.swift */ = {isa = PBXFileReference; lastKnownFileType = sourcecode.swift; path = "UITableView+CLBase.swift"; sourceTree = "<group>"; };
		DF3E66232014519C00E16C32 /* UITableView+MJRefResh.swift */ = {isa = PBXFileReference; lastKnownFileType = sourcecode.swift; path = "UITableView+MJRefResh.swift"; sourceTree = "<group>"; };
		DF3E6627201453A600E16C32 /* UICollectionView+CLBase.swift */ = {isa = PBXFileReference; lastKnownFileType = sourcecode.swift; path = "UICollectionView+CLBase.swift"; sourceTree = "<group>"; };
		DF3E66292014540300E16C32 /* UICollectionView+MJRefresh.swift */ = {isa = PBXFileReference; lastKnownFileType = sourcecode.swift; path = "UICollectionView+MJRefresh.swift"; sourceTree = "<group>"; };
		F419F41FD2862D5F248008C8 /* Pods-CLEmptyViewDemo.debug.xcconfig */ = {isa = PBXFileReference; includeInIndex = 1; lastKnownFileType = text.xcconfig; name = "Pods-CLEmptyViewDemo.debug.xcconfig"; path = "Pods/Target Support Files/Pods-CLEmptyViewDemo/Pods-CLEmptyViewDemo.debug.xcconfig"; sourceTree = "<group>"; };
/* End PBXFileReference section */

/* Begin PBXFrameworksBuildPhase section */
		A38F1F51200365A8006B9248 /* Frameworks */ = {
			isa = PBXFrameworksBuildPhase;
			buildActionMask = 2147483647;
			files = (
				79121EA979D355320DEC7E4C /* Pods_CLEmptyViewDemo.framework in Frameworks */,
			);
			runOnlyForDeploymentPostprocessing = 0;
		};
/* End PBXFrameworksBuildPhase section */

/* Begin PBXGroup section */
		275A45B889BC6C00E7F59ED8 /* Pods */ = {
			isa = PBXGroup;
			children = (
				F419F41FD2862D5F248008C8 /* Pods-CLEmptyViewDemo.debug.xcconfig */,
				DE0F3933C06B809C3D4F5EA1 /* Pods-CLEmptyViewDemo.release.xcconfig */,
			);
			name = Pods;
			sourceTree = "<group>";
		};
		A33274B52011F63400B0DFF4 /* CLEmptyView */ = {
			isa = PBXGroup;
			children = (
				A38F1F69200365CD006B9248 /* CLEmptyBaseView.swift */,
				DF3E66252014534E00E16C32 /* UITableView+CLBase */,
				DF3E66262014538800E16C32 /* UICollectionView+CLBase */,
			);
			path = CLEmptyView;
			sourceTree = "<group>";
		};
		A33274BE20132DC600B0DFF4 /* sample */ = {
			isa = PBXGroup;
			children = (
				A33274B12011CE6800B0DFF4 /* UITableView+CLEmpty.swift */,
				A33274B32011ECC800B0DFF4 /* UICollectionView+CLEmpty.swift */,
				A38F1F59200365A8006B9248 /* ViewController.swift */,
				A33274BA2011F70E00B0DFF4 /* detailViewController.swift */,
			);
			path = sample;
			sourceTree = "<group>";
		};
		A38F1F4B200365A8006B9248 = {
			isa = PBXGroup;
			children = (
				A38F1F56200365A8006B9248 /* CLEmptyViewDemo */,
				A38F1F55200365A8006B9248 /* Products */,
				275A45B889BC6C00E7F59ED8 /* Pods */,
				FBD20DA21BE779837CE36429 /* Frameworks */,
			);
			sourceTree = "<group>";
		};
		A38F1F55200365A8006B9248 /* Products */ = {
			isa = PBXGroup;
			children = (
				A38F1F54200365A8006B9248 /* CLEmptyViewDemo.app */,
			);
			name = Products;
			sourceTree = "<group>";
		};
		A38F1F56200365A8006B9248 /* CLEmptyViewDemo */ = {
			isa = PBXGroup;
			children = (
				A33274B52011F63400B0DFF4 /* CLEmptyView */,
				A33274BE20132DC600B0DFF4 /* sample */,
				A38F1F57200365A8006B9248 /* AppDelegate.swift */,
				A38F1F5E200365A8006B9248 /* Assets.xcassets */,
				A38F1F63200365A8006B9248 /* Info.plist */,
			);
			path = CLEmptyViewDemo;
			sourceTree = "<group>";
		};
		DF3E66252014534E00E16C32 /* UITableView+CLBase */ = {
			isa = PBXGroup;
			children = (
				DF3E66212014508F00E16C32 /* UITableView+CLBase.swift */,
				DF3E66232014519C00E16C32 /* UITableView+MJRefResh.swift */,
			);
			path = "UITableView+CLBase";
			sourceTree = "<group>";
		};
		DF3E66262014538800E16C32 /* UICollectionView+CLBase */ = {
			isa = PBXGroup;
			children = (
				DF3E6627201453A600E16C32 /* UICollectionView+CLBase.swift */,
				DF3E66292014540300E16C32 /* UICollectionView+MJRefresh.swift */,
			);
			path = "UICollectionView+CLBase";
			sourceTree = "<group>";
		};
		FBD20DA21BE779837CE36429 /* Frameworks */ = {
			isa = PBXGroup;
			children = (
				C3B20B0E93F20DF03EC8B187 /* Pods_CLEmptyViewDemo.framework */,
			);
			name = Frameworks;
			sourceTree = "<group>";
		};
/* End PBXGroup section */

/* Begin PBXNativeTarget section */
		A38F1F53200365A8006B9248 /* CLEmptyViewDemo */ = {
			isa = PBXNativeTarget;
			buildConfigurationList = A38F1F66200365A8006B9248 /* Build configuration list for PBXNativeTarget "CLEmptyViewDemo" */;
			buildPhases = (
				68AC0BFB64AB9C2DB426FBDA /* [CP] Check Pods Manifest.lock */,
				A38F1F50200365A8006B9248 /* Sources */,
				A38F1F51200365A8006B9248 /* Frameworks */,
				A38F1F52200365A8006B9248 /* Resources */,
				FC4E8C46EF3999D7C52890E9 /* [CP] Embed Pods Frameworks */,
				95AFE4060D8C6CA32677D646 /* [CP] Copy Pods Resources */,
			);
			buildRules = (
			);
			dependencies = (
			);
			name = CLEmptyViewDemo;
			productName = CLEmptyViewDemo;
			productReference = A38F1F54200365A8006B9248 /* CLEmptyViewDemo.app */;
			productType = "com.apple.product-type.application";
		};
/* End PBXNativeTarget section */

/* Begin PBXProject section */
		A38F1F4C200365A8006B9248 /* Project object */ = {
			isa = PBXProject;
			attributes = {
				LastSwiftUpdateCheck = 0920;
				LastUpgradeCheck = 0920;
				ORGANIZATIONNAME = cleven;
				TargetAttributes = {
					A38F1F53200365A8006B9248 = {
						CreatedOnToolsVersion = 9.2;
						ProvisioningStyle = Automatic;
					};
				};
			};
			buildConfigurationList = A38F1F4F200365A8006B9248 /* Build configuration list for PBXProject "CLEmptyViewDemo" */;
			compatibilityVersion = "Xcode 8.0";
			developmentRegion = en;
			hasScannedForEncodings = 0;
			knownRegions = (
				en,
				Base,
			);
			mainGroup = A38F1F4B200365A8006B9248;
			productRefGroup = A38F1F55200365A8006B9248 /* Products */;
			projectDirPath = "";
			projectRoot = "";
			targets = (
				A38F1F53200365A8006B9248 /* CLEmptyViewDemo */,
			);
		};
/* End PBXProject section */

/* Begin PBXResourcesBuildPhase section */
		A38F1F52200365A8006B9248 /* Resources */ = {
			isa = PBXResourcesBuildPhase;
			buildActionMask = 2147483647;
			files = (
				A38F1F5F200365A8006B9248 /* Assets.xcassets in Resources */,
			);
			runOnlyForDeploymentPostprocessing = 0;
		};
/* End PBXResourcesBuildPhase section */

/* Begin PBXShellScriptBuildPhase section */
		68AC0BFB64AB9C2DB426FBDA /* [CP] Check Pods Manifest.lock */ = {
			isa = PBXShellScriptBuildPhase;
			buildActionMask = 2147483647;
			files = (
			);
			inputPaths = (
				"${PODS_PODFILE_DIR_PATH}/Podfile.lock",
				"${PODS_ROOT}/Manifest.lock",
			);
			name = "[CP] Check Pods Manifest.lock";
			outputPaths = (
				"$(DERIVED_FILE_DIR)/Pods-CLEmptyViewDemo-checkManifestLockResult.txt",
			);
			runOnlyForDeploymentPostprocessing = 0;
			shellPath = /bin/sh;
			shellScript = "diff \"${PODS_PODFILE_DIR_PATH}/Podfile.lock\" \"${PODS_ROOT}/Manifest.lock\" > /dev/null\nif [ $? != 0 ] ; then\n    # print error to STDERR\n    echo \"error: The sandbox is not in sync with the Podfile.lock. Run 'pod install' or update your CocoaPods installation.\" >&2\n    exit 1\nfi\n# This output is used by Xcode 'outputs' to avoid re-running this script phase.\necho \"SUCCESS\" > \"${SCRIPT_OUTPUT_FILE_0}\"\n";
			showEnvVarsInLog = 0;
		};
		95AFE4060D8C6CA32677D646 /* [CP] Copy Pods Resources */ = {
			isa = PBXShellScriptBuildPhase;
			buildActionMask = 2147483647;
			files = (
			);
			inputPaths = (
			);
			name = "[CP] Copy Pods Resources";
			outputPaths = (
			);
			runOnlyForDeploymentPostprocessing = 0;
			shellPath = /bin/sh;
			shellScript = "\"${SRCROOT}/Pods/Target Support Files/Pods-CLEmptyViewDemo/Pods-CLEmptyViewDemo-resources.sh\"\n";
			showEnvVarsInLog = 0;
		};
		FC4E8C46EF3999D7C52890E9 /* [CP] Embed Pods Frameworks */ = {
			isa = PBXShellScriptBuildPhase;
			buildActionMask = 2147483647;
			files = (
			);
			inputPaths = (
				"${SRCROOT}/Pods/Target Support Files/Pods-CLEmptyViewDemo/Pods-CLEmptyViewDemo-frameworks.sh",
				"${BUILT_PRODUCTS_DIR}/MJRefresh/MJRefresh.framework",
			);
			name = "[CP] Embed Pods Frameworks";
			outputPaths = (
				"${TARGET_BUILD_DIR}/${FRAMEWORKS_FOLDER_PATH}/MJRefresh.framework",
			);
			runOnlyForDeploymentPostprocessing = 0;
			shellPath = /bin/sh;
			shellScript = "\"${SRCROOT}/Pods/Target Support Files/Pods-CLEmptyViewDemo/Pods-CLEmptyViewDemo-frameworks.sh\"\n";
			showEnvVarsInLog = 0;
		};
/* End PBXShellScriptBuildPhase section */

/* Begin PBXSourcesBuildPhase section */
		A38F1F50200365A8006B9248 /* Sources */ = {
			isa = PBXSourcesBuildPhase;
			buildActionMask = 2147483647;
			files = (
				DF3E66242014519C00E16C32 /* UITableView+MJRefResh.swift in Sources */,
				A38F1F6A200365CD006B9248 /* CLEmptyBaseView.swift in Sources */,
				DF3E662A2014540300E16C32 /* UICollectionView+MJRefresh.swift in Sources */,
				A33274B22011CE7000B0DFF4 /* UITableView+CLEmpty.swift in Sources */,
				DF3E6628201453A600E16C32 /* UICollectionView+CLBase.swift in Sources */,
				A38F1F5A200365A8006B9248 /* ViewController.swift in Sources */,
				DF3E66222014508F00E16C32 /* UITableView+CLBase.swift in Sources */,
				A38F1F58200365A8006B9248 /* AppDelegate.swift in Sources */,
				A33274B42011ECC800B0DFF4 /* UICollectionView+CLEmpty.swift in Sources */,
				A33274BB2011F70E00B0DFF4 /* detailViewController.swift in Sources */,
			);
			runOnlyForDeploymentPostprocessing = 0;
		};
/* End PBXSourcesBuildPhase section */

/* Begin XCBuildConfiguration section */
		A38F1F64200365A8006B9248 /* Debug */ = {
			isa = XCBuildConfiguration;
			buildSettings = {
				ALWAYS_SEARCH_USER_PATHS = NO;
				CLANG_ANALYZER_NONNULL = YES;
				CLANG_ANALYZER_NUMBER_OBJECT_CONVERSION = YES_AGGRESSIVE;
				CLANG_CXX_LANGUAGE_STANDARD = "gnu++14";
				CLANG_CXX_LIBRARY = "libc++";
				CLANG_ENABLE_MODULES = YES;
				CLANG_ENABLE_OBJC_ARC = YES;
				CLANG_WARN_BLOCK_CAPTURE_AUTORELEASING = YES;
				CLANG_WARN_BOOL_CONVERSION = YES;
				CLANG_WARN_COMMA = YES;
				CLANG_WARN_CONSTANT_CONVERSION = YES;
				CLANG_WARN_DIRECT_OBJC_ISA_USAGE = YES_ERROR;
				CLANG_WARN_DOCUMENTATION_COMMENTS = YES;
				CLANG_WARN_EMPTY_BODY = YES;
				CLANG_WARN_ENUM_CONVERSION = YES;
				CLANG_WARN_INFINITE_RECURSION = YES;
				CLANG_WARN_INT_CONVERSION = YES;
				CLANG_WARN_NON_LITERAL_NULL_CONVERSION = YES;
				CLANG_WARN_OBJC_LITERAL_CONVERSION = YES;
				CLANG_WARN_OBJC_ROOT_CLASS = YES_ERROR;
				CLANG_WARN_RANGE_LOOP_ANALYSIS = YES;
				CLANG_WARN_STRICT_PROTOTYPES = YES;
				CLANG_WARN_SUSPICIOUS_MOVE = YES;
				CLANG_WARN_UNGUARDED_AVAILABILITY = YES_AGGRESSIVE;
				CLANG_WARN_UNREACHABLE_CODE = YES;
				CLANG_WARN__DUPLICATE_METHOD_MATCH = YES;
				CODE_SIGN_IDENTITY = "iPhone Developer";
				COPY_PHASE_STRIP = NO;
				DEBUG_INFORMATION_FORMAT = dwarf;
				ENABLE_STRICT_OBJC_MSGSEND = YES;
				ENABLE_TESTABILITY = YES;
				GCC_C_LANGUAGE_STANDARD = gnu11;
				GCC_DYNAMIC_NO_PIC = NO;
				GCC_NO_COMMON_BLOCKS = YES;
				GCC_OPTIMIZATION_LEVEL = 0;
				GCC_PREPROCESSOR_DEFINITIONS = (
					"DEBUG=1",
					"$(inherited)",
				);
				GCC_WARN_64_TO_32_BIT_CONVERSION = YES;
				GCC_WARN_ABOUT_RETURN_TYPE = YES_ERROR;
				GCC_WARN_UNDECLARED_SELECTOR = YES;
				GCC_WARN_UNINITIALIZED_AUTOS = YES_AGGRESSIVE;
				GCC_WARN_UNUSED_FUNCTION = YES;
				GCC_WARN_UNUSED_VARIABLE = YES;
				IPHONEOS_DEPLOYMENT_TARGET = 11.2;
				MTL_ENABLE_DEBUG_INFO = YES;
				ONLY_ACTIVE_ARCH = YES;
				SDKROOT = iphoneos;
				SWIFT_ACTIVE_COMPILATION_CONDITIONS = DEBUG;
				SWIFT_OPTIMIZATION_LEVEL = "-Onone";
			};
			name = Debug;
		};
		A38F1F65200365A8006B9248 /* Release */ = {
			isa = XCBuildConfiguration;
			buildSettings = {
				ALWAYS_SEARCH_USER_PATHS = NO;
				CLANG_ANALYZER_NONNULL = YES;
				CLANG_ANALYZER_NUMBER_OBJECT_CONVERSION = YES_AGGRESSIVE;
				CLANG_CXX_LANGUAGE_STANDARD = "gnu++14";
				CLANG_CXX_LIBRARY = "libc++";
				CLANG_ENABLE_MODULES = YES;
				CLANG_ENABLE_OBJC_ARC = YES;
				CLANG_WARN_BLOCK_CAPTURE_AUTORELEASING = YES;
				CLANG_WARN_BOOL_CONVERSION = YES;
				CLANG_WARN_COMMA = YES;
				CLANG_WARN_CONSTANT_CONVERSION = YES;
				CLANG_WARN_DIRECT_OBJC_ISA_USAGE = YES_ERROR;
				CLANG_WARN_DOCUMENTATION_COMMENTS = YES;
				CLANG_WARN_EMPTY_BODY = YES;
				CLANG_WARN_ENUM_CONVERSION = YES;
				CLANG_WARN_INFINITE_RECURSION = YES;
				CLANG_WARN_INT_CONVERSION = YES;
				CLANG_WARN_NON_LITERAL_NULL_CONVERSION = YES;
				CLANG_WARN_OBJC_LITERAL_CONVERSION = YES;
				CLANG_WARN_OBJC_ROOT_CLASS = YES_ERROR;
				CLANG_WARN_RANGE_LOOP_ANALYSIS = YES;
				CLANG_WARN_STRICT_PROTOTYPES = YES;
				CLANG_WARN_SUSPICIOUS_MOVE = YES;
				CLANG_WARN_UNGUARDED_AVAILABILITY = YES_AGGRESSIVE;
				CLANG_WARN_UNREACHABLE_CODE = YES;
				CLANG_WARN__DUPLICATE_METHOD_MATCH = YES;
				CODE_SIGN_IDENTITY = "iPhone Developer";
				COPY_PHASE_STRIP = NO;
				DEBUG_INFORMATION_FORMAT = "dwarf-with-dsym";
				ENABLE_NS_ASSERTIONS = NO;
				ENABLE_STRICT_OBJC_MSGSEND = YES;
				GCC_C_LANGUAGE_STANDARD = gnu11;
				GCC_NO_COMMON_BLOCKS = YES;
				GCC_WARN_64_TO_32_BIT_CONVERSION = YES;
				GCC_WARN_ABOUT_RETURN_TYPE = YES_ERROR;
				GCC_WARN_UNDECLARED_SELECTOR = YES;
				GCC_WARN_UNINITIALIZED_AUTOS = YES_AGGRESSIVE;
				GCC_WARN_UNUSED_FUNCTION = YES;
				GCC_WARN_UNUSED_VARIABLE = YES;
				IPHONEOS_DEPLOYMENT_TARGET = 11.2;
				MTL_ENABLE_DEBUG_INFO = NO;
				SDKROOT = iphoneos;
				SWIFT_OPTIMIZATION_LEVEL = "-Owholemodule";
				VALIDATE_PRODUCT = YES;
			};
			name = Release;
		};
		A38F1F67200365A8006B9248 /* Debug */ = {
			isa = XCBuildConfiguration;
			baseConfigurationReference = F419F41FD2862D5F248008C8 /* Pods-CLEmptyViewDemo.debug.xcconfig */;
			buildSettings = {
				ASSETCATALOG_COMPILER_APPICON_NAME = AppIcon;
				ASSETCATALOG_COMPILER_LAUNCHIMAGE_NAME = "LaunchImage-1";
				CODE_SIGN_STYLE = Automatic;
				DEVELOPMENT_TEAM = K7PT8BFN3J;
				INFOPLIST_FILE = CLEmptyViewDemo/Info.plist;
				IPHONEOS_DEPLOYMENT_TARGET = 11.2;
				LD_RUNPATH_SEARCH_PATHS = "$(inherited) @executable_path/Frameworks";
				PRODUCT_BUNDLE_IDENTIFIER = fff.CLEmptyViewDemo;
				PRODUCT_NAME = "$(TARGET_NAME)";
				SWIFT_VERSION = 4.0;
				TARGETED_DEVICE_FAMILY = "1,2";
			};
			name = Debug;
		};
		A38F1F68200365A8006B9248 /* Release */ = {
			isa = XCBuildConfiguration;
			baseConfigurationReference = DE0F3933C06B809C3D4F5EA1 /* Pods-CLEmptyViewDemo.release.xcconfig */;
			buildSettings = {
				ASSETCATALOG_COMPILER_APPICON_NAME = AppIcon;
				ASSETCATALOG_COMPILER_LAUNCHIMAGE_NAME = "LaunchImage-1";
				CODE_SIGN_STYLE = Automatic;
				DEVELOPMENT_TEAM = K7PT8BFN3J;
				INFOPLIST_FILE = CLEmptyViewDemo/Info.plist;
				IPHONEOS_DEPLOYMENT_TARGET = 11.2;
				LD_RUNPATH_SEARCH_PATHS = "$(inherited) @executable_path/Frameworks";
				PRODUCT_BUNDLE_IDENTIFIER = fff.CLEmptyViewDemo;
				PRODUCT_NAME = "$(TARGET_NAME)";
				SWIFT_VERSION = 4.0;
				TARGETED_DEVICE_FAMILY = "1,2";
			};
			name = Release;
		};
/* End XCBuildConfiguration section */

/* Begin XCConfigurationList section */
		A38F1F4F200365A8006B9248 /* Build configuration list for PBXProject "CLEmptyViewDemo" */ = {
			isa = XCConfigurationList;
			buildConfigurations = (
				A38F1F64200365A8006B9248 /* Debug */,
				A38F1F65200365A8006B9248 /* Release */,
			);
			defaultConfigurationIsVisible = 0;
			defaultConfigurationName = Release;
		};
		A38F1F66200365A8006B9248 /* Build configuration list for PBXNativeTarget "CLEmptyViewDemo" */ = {
			isa = XCConfigurationList;
			buildConfigurations = (
				A38F1F67200365A8006B9248 /* Debug */,
				A38F1F68200365A8006B9248 /* Release */,
			);
			defaultConfigurationIsVisible = 0;
			defaultConfigurationName = Release;
		};
/* End XCConfigurationList section */
	};
	rootObject = A38F1F4C200365A8006B9248 /* Project object */;
}
